
Microsoft Visual Studio Solution File, Format Version 12.00
# Visual Studio Version 16
VisualStudioVersion = 16.0.29806.167
MinimumVisualStudioVersion = 10.0.40219.1
Project("{8BC9CEB8-8B4A-11D0-8D11-00A0C91BC942}") = "ConsoleApplication2", "ConsoleApplication2\ConsoleApplication2.vcxproj", "{B84BF668-45CE-44E2-9179-ED646AB1C991}"
EndProject
Global
	GlobalSection(SolutionConfigurationPlatforms) = preSolution
		Debug|x64 = Debug|x64
		Debug|x86 = Debug|x86
		Release|x64 = Release|x64
		Release|x86 = Release|x86
	EndGlobalSection
	GlobalSection(ProjectConfigurationPlatforms) = postSolution
		{B84BF668-45CE-44E2-9179-ED646AB1C991}.Debug|x64.ActiveCfg = Debug|x64
		{B84BF668-45CE-44E2-9179-ED646AB1C991}.Debug|x64.Build.0 = Debug|x64
		{B84BF668-45CE-44E2-9179-ED646AB1C991}.Debug|x86.ActiveCfg = Debug|Win32
		{B84BF668-45CE-44E2-9179-ED646AB1C991}.Debug|x86.Build.0 = Debug|Win32
		{B84BF668-45CE-44E2-9179-ED646AB1C991}.Release|x64.ActiveCfg = Release|x64
		{B84BF668-45CE-44E2-9179-ED646AB1C991}.Release|x64.Build.0 = Release|x64
		{B84BF668-45CE-44E2-9179-ED646AB1C991}.Release|x86.ActiveCfg = Release|Win32
		{B84BF668-45CE-44E2-9179-ED646AB1C991}.Release|x86.Build.0 = Release|Win32
	EndGlobalSection
	GlobalSection(SolutionProperties) = preSolution
		HideSolutionNode = FALSE
	EndGlobalSection
	GlobalSection(ExtensibilityGlobals) = postSolution
		SolutionGuid = {59E1864F-5E20-4456-BF0B-EF5F45B9DC13}
	EndGlobalSection
EndGlobal
